// !$*UTF8*$!
{
	archiveVersion = 1;
	classes = {
	};
	objectVersion = 46;
	objects = {

/* Begin PBXBuildFile section */
		CE172BBC14D03DEF00D9A9CC /* CoreData.framework in Frameworks */ = {isa = PBXBuildFile; fileRef = CE172BBB14D03DEF00D9A9CC /* CoreData.framework */; };
		CE172BBF14D11CC300D9A9CC /* NSString+containsCategory.m in Sources */ = {isa = PBXBuildFile; fileRef = CE172BBE14D11CC300D9A9CC /* NSString+containsCategory.m */; };
		CE172BDE14D1BA0600D9A9CC /* libzbar.a in Frameworks */ = {isa = PBXBuildFile; fileRef = CE172BD814D1BA0600D9A9CC /* libzbar.a */; };
		CE172BDF14D1BA0600D9A9CC /* zbar-back.png in Resources */ = {isa = PBXBuildFile; fileRef = CE172BDA14D1BA0600D9A9CC /* zbar-back.png */; };
		CE172BE014D1BA0600D9A9CC /* zbar-help.html in Resources */ = {isa = PBXBuildFile; fileRef = CE172BDB14D1BA0600D9A9CC /* zbar-help.html */; };
		CE172BE114D1BA0600D9A9CC /* zbar-helpicons.png in Resources */ = {isa = PBXBuildFile; fileRef = CE172BDC14D1BA0600D9A9CC /* zbar-helpicons.png */; };
		CE172BE214D1BA0600D9A9CC /* zbar-samples.png in Resources */ = {isa = PBXBuildFile; fileRef = CE172BDD14D1BA0600D9A9CC /* zbar-samples.png */; };
		CE172BE414D1BBCC00D9A9CC /* AVFoundation.framework in Frameworks */ = {isa = PBXBuildFile; fileRef = CE172BE314D1BBCC00D9A9CC /* AVFoundation.framework */; };
		CE172BE914D1BC3900D9A9CC /* CoreMedia.framework in Frameworks */ = {isa = PBXBuildFile; fileRef = CE172BE514D1BC3800D9A9CC /* CoreMedia.framework */; };
		CE172BEA14D1BC3900D9A9CC /* CoreVideo.framework in Frameworks */ = {isa = PBXBuildFile; fileRef = CE172BE614D1BC3800D9A9CC /* CoreVideo.framework */; };
		CE172BEB14D1BC3900D9A9CC /* libiconv.dylib in Frameworks */ = {isa = PBXBuildFile; fileRef = CE172BE714D1BC3800D9A9CC /* libiconv.dylib */; };
		CE172BEC14D1BC3900D9A9CC /* QuartzCore.framework in Frameworks */ = {isa = PBXBuildFile; fileRef = CE172BE814D1BC3800D9A9CC /* QuartzCore.framework */; };
		CE36389C14D718C30026D5E7 /* icon_57.png in Resources */ = {isa = PBXBuildFile; fileRef = CE36389B14D718C30026D5E7 /* icon_57.png */; };
		CE36389E14D718D00026D5E7 /* icon_114.png in Resources */ = {isa = PBXBuildFile; fileRef = CE36389D14D718D00026D5E7 /* icon_114.png */; };
		CE3B856114CFAB8D002A49DD /* libRestKitJSONParserYAJL.a in Frameworks */ = {isa = PBXBuildFile; fileRef = CE3B854114CFA4DC002A49DD /* libRestKitJSONParserYAJL.a */; };
		CE3B856214CFAB8D002A49DD /* libRestKitNetwork.a in Frameworks */ = {isa = PBXBuildFile; fileRef = CE3B853914CFA4DC002A49DD /* libRestKitNetwork.a */; };
		CE3B856314CFAB8D002A49DD /* libRestKitObjectMapping.a in Frameworks */ = {isa = PBXBuildFile; fileRef = CE3B853B14CFA4DC002A49DD /* libRestKitObjectMapping.a */; };
		CE3B856414CFAB8D002A49DD /* libRestKitSupport.a in Frameworks */ = {isa = PBXBuildFile; fileRef = CE3B853D14CFA4DC002A49DD /* libRestKitSupport.a */; };
		CE3B857114CFAC13002A49DD /* CFNetwork.framework in Frameworks */ = {isa = PBXBuildFile; fileRef = CE3B857014CFAC13002A49DD /* CFNetwork.framework */; };
		CE3B857614CFAC7D002A49DD /* libxml2.dylib in Frameworks */ = {isa = PBXBuildFile; fileRef = CE3B857214CFAC7D002A49DD /* libxml2.dylib */; };
		CE3B857714CFAC7D002A49DD /* MobileCoreServices.framework in Frameworks */ = {isa = PBXBuildFile; fileRef = CE3B857314CFAC7D002A49DD /* MobileCoreServices.framework */; };
		CE3B857814CFAC7D002A49DD /* Security.framework in Frameworks */ = {isa = PBXBuildFile; fileRef = CE3B857414CFAC7D002A49DD /* Security.framework */; };
		CE3B857914CFAC7D002A49DD /* SystemConfiguration.framework in Frameworks */ = {isa = PBXBuildFile; fileRef = CE3B857514CFAC7D002A49DD /* SystemConfiguration.framework */; };
		CE69F4A2148E5817004C316F /* CardViewController.m in Sources */ = {isa = PBXBuildFile; fileRef = CE69F4A1148E5817004C316F /* CardViewController.m */; };
		CE69F4A5148E9746004C316F /* Dealer.m in Sources */ = {isa = PBXBuildFile; fileRef = CE69F4A4148E9746004C316F /* Dealer.m */; };
		CE952F46148DC5F900D316DF /* UIKit.framework in Frameworks */ = {isa = PBXBuildFile; fileRef = CE952F45148DC5F900D316DF /* UIKit.framework */; };
		CE952F48148DC5F900D316DF /* Foundation.framework in Frameworks */ = {isa = PBXBuildFile; fileRef = CE952F47148DC5F900D316DF /* Foundation.framework */; };
		CE952F4A148DC5F900D316DF /* CoreGraphics.framework in Frameworks */ = {isa = PBXBuildFile; fileRef = CE952F49148DC5F900D316DF /* CoreGraphics.framework */; };
		CE952F50148DC5F900D316DF /* InfoPlist.strings in Resources */ = {isa = PBXBuildFile; fileRef = CE952F4E148DC5F900D316DF /* InfoPlist.strings */; };
		CE952F52148DC5F900D316DF /* main.m in Sources */ = {isa = PBXBuildFile; fileRef = CE952F51148DC5F900D316DF /* main.m */; };
		CE952F56148DC5F900D316DF /* TrackerPokerAppDelegate.m in Sources */ = {isa = PBXBuildFile; fileRef = CE952F55148DC5F900D316DF /* TrackerPokerAppDelegate.m */; };
		CE952F59148DC5F900D316DF /* MainStoryboard.storyboard in Resources */ = {isa = PBXBuildFile; fileRef = CE952F57148DC5F900D316DF /* MainStoryboard.storyboard */; };
		CE952F5C148DC5F900D316DF /* TrackerPokerViewController.m in Sources */ = {isa = PBXBuildFile; fileRef = CE952F5B148DC5F900D316DF /* TrackerPokerViewController.m */; };
		CE952F64148DC5F900D316DF /* SenTestingKit.framework in Frameworks */ = {isa = PBXBuildFile; fileRef = CE952F63148DC5F900D316DF /* SenTestingKit.framework */; };
		CE952F65148DC5F900D316DF /* UIKit.framework in Frameworks */ = {isa = PBXBuildFile; fileRef = CE952F45148DC5F900D316DF /* UIKit.framework */; };
		CE952F66148DC5F900D316DF /* Foundation.framework in Frameworks */ = {isa = PBXBuildFile; fileRef = CE952F47148DC5F900D316DF /* Foundation.framework */; };
		CE952F6E148DC5F900D316DF /* InfoPlist.strings in Resources */ = {isa = PBXBuildFile; fileRef = CE952F6C148DC5F900D316DF /* InfoPlist.strings */; };
		CE952F71148DC5F900D316DF /* TrackerPokerTests.m in Sources */ = {isa = PBXBuildFile; fileRef = CE952F70148DC5F900D316DF /* TrackerPokerTests.m */; };
		CEDC035D148E418B0043508B /* LoginViewController.m in Sources */ = {isa = PBXBuildFile; fileRef = CEDC035B148E418B0043508B /* LoginViewController.m */; };
		CEDC036B148E56FC0043508B /* RoomViewController.m in Sources */ = {isa = PBXBuildFile; fileRef = CEDC036A148E56FC0043508B /* RoomViewController.m */; };
		CEFC49E814A114D400D1C7ED /* notes.txt in Resources */ = {isa = PBXBuildFile; fileRef = CEFC49E714A114D400D1C7ED /* notes.txt */; };
/* End PBXBuildFile section */

/* Begin PBXContainerItemProxy section */
		CE3B853814CFA4DC002A49DD /* PBXContainerItemProxy */ = {
			isa = PBXContainerItemProxy;
			containerPortal = CE3B852414CFA4DB002A49DD /* RestKit.xcodeproj */;
			proxyType = 2;
			remoteGlobalIDString = 253A07FC1255161B00976E89;
			remoteInfo = RestKitNetwork;
		};
		CE3B853A14CFA4DC002A49DD /* PBXContainerItemProxy */ = {
			isa = PBXContainerItemProxy;
			containerPortal = CE3B852414CFA4DB002A49DD /* RestKit.xcodeproj */;
			proxyType = 2;
			remoteGlobalIDString = 253A08031255162C00976E89;
			remoteInfo = RestKitObjectMapping;
		};
		CE3B853C14CFA4DC002A49DD /* PBXContainerItemProxy */ = {
			isa = PBXContainerItemProxy;
			containerPortal = CE3B852414CFA4DB002A49DD /* RestKit.xcodeproj */;
			proxyType = 2;
			remoteGlobalIDString = 253A080C12551D3000976E89;
			remoteInfo = RestKitSupport;
		};
		CE3B853E14CFA4DC002A49DD /* PBXContainerItemProxy */ = {
			isa = PBXContainerItemProxy;
			containerPortal = CE3B852414CFA4DB002A49DD /* RestKit.xcodeproj */;
			proxyType = 2;
			remoteGlobalIDString = 20808DBD13DE8CDC000A156A;
			remoteInfo = "RestKitJSONParser+NXJSON";
		};
		CE3B854014CFA4DC002A49DD /* PBXContainerItemProxy */ = {
			isa = PBXContainerItemProxy;
			containerPortal = CE3B852414CFA4DB002A49DD /* RestKit.xcodeproj */;
			proxyType = 2;
			remoteGlobalIDString = 2590E64F125231F600531FA8;
			remoteInfo = "RestKitJSONParser+YAJL";
		};
		CE3B854214CFA4DC002A49DD /* PBXContainerItemProxy */ = {
			isa = PBXContainerItemProxy;
			containerPortal = CE3B852414CFA4DB002A49DD /* RestKit.xcodeproj */;
			proxyType = 2;
			remoteGlobalIDString = 2590E66B1252353700531FA8;
			remoteInfo = "RestKitJSONParser+SBJSON";
		};
		CE3B854414CFA4DC002A49DD /* PBXContainerItemProxy */ = {
			isa = PBXContainerItemProxy;
			containerPortal = CE3B852414CFA4DB002A49DD /* RestKit.xcodeproj */;
			proxyType = 2;
			remoteGlobalIDString = 73057FD11331AD2E001908EE;
			remoteInfo = "RestKitJSONParser+JSONKit";
		};
		CE3B854614CFA4DC002A49DD /* PBXContainerItemProxy */ = {
			isa = PBXContainerItemProxy;
			containerPortal = CE3B852414CFA4DB002A49DD /* RestKit.xcodeproj */;
			proxyType = 2;
			remoteGlobalIDString = 25BD43BD1340315800DBACDD;
			remoteInfo = "RestKitXMLParser+Libxml";
		};
		CE3B854814CFA4DC002A49DD /* PBXContainerItemProxy */ = {
			isa = PBXContainerItemProxy;
			containerPortal = CE3B852414CFA4DB002A49DD /* RestKit.xcodeproj */;
			proxyType = 2;
			remoteGlobalIDString = 253A081412551D5300976E89;
			remoteInfo = RestKitCoreData;
		};
		CE3B854A14CFA4DC002A49DD /* PBXContainerItemProxy */ = {
			isa = PBXContainerItemProxy;
			containerPortal = CE3B852414CFA4DB002A49DD /* RestKit.xcodeproj */;
			proxyType = 2;
			remoteGlobalIDString = 2523360511E79F090048F9B4;
			remoteInfo = RestKitThree20;
		};
		CE3B854C14CFA4DC002A49DD /* PBXContainerItemProxy */ = {
			isa = PBXContainerItemProxy;
			containerPortal = CE3B852414CFA4DB002A49DD /* RestKit.xcodeproj */;
			proxyType = 2;
			remoteGlobalIDString = 3F6C39A510FE5C95008F47C5;
			remoteInfo = UISpec;
		};
		CE3B855F14CFAB66002A49DD /* PBXContainerItemProxy */ = {
			isa = PBXContainerItemProxy;
			containerPortal = CE3B852414CFA4DB002A49DD /* RestKit.xcodeproj */;
			proxyType = 1;
			remoteGlobalIDString = 255B7588133BABBF00ED76AD;
			remoteInfo = RestKit;
		};
		CE3B856514CFABC7002A49DD /* PBXContainerItemProxy */ = {
			isa = PBXContainerItemProxy;
			containerPortal = CE3B852414CFA4DB002A49DD /* RestKit.xcodeproj */;
			proxyType = 1;
			remoteGlobalIDString = 253A07FB1255161B00976E89;
			remoteInfo = RestKitNetwork;
		};
		CE3B856714CFABC7002A49DD /* PBXContainerItemProxy */ = {
			isa = PBXContainerItemProxy;
			containerPortal = CE3B852414CFA4DB002A49DD /* RestKit.xcodeproj */;
			proxyType = 1;
			remoteGlobalIDString = 253A08021255162C00976E89;
			remoteInfo = RestKitObjectMapping;
		};
		CE3B856914CFABC7002A49DD /* PBXContainerItemProxy */ = {
			isa = PBXContainerItemProxy;
			containerPortal = CE3B852414CFA4DB002A49DD /* RestKit.xcodeproj */;
			proxyType = 1;
			remoteGlobalIDString = 253A080B12551D3000976E89;
			remoteInfo = RestKitSupport;
		};
		CE3B856B14CFABC7002A49DD /* PBXContainerItemProxy */ = {
			isa = PBXContainerItemProxy;
			containerPortal = CE3B852414CFA4DB002A49DD /* RestKit.xcodeproj */;
			proxyType = 1;
			remoteGlobalIDString = 2590E64E125231F600531FA8;
			remoteInfo = "RestKitJSONParser+YAJL";
		};
		CE952F67148DC5F900D316DF /* PBXContainerItemProxy */ = {
			isa = PBXContainerItemProxy;
			containerPortal = CE952F38148DC5F900D316DF /* Project object */;
			proxyType = 1;
			remoteGlobalIDString = CE952F40148DC5F900D316DF;
			remoteInfo = TrackerPoker;
		};
/* End PBXContainerItemProxy section */

/* Begin PBXFileReference section */
		CE172BBB14D03DEF00D9A9CC /* CoreData.framework */ = {isa = PBXFileReference; lastKnownFileType = wrapper.framework; name = CoreData.framework; path = System/Library/Frameworks/CoreData.framework; sourceTree = SDKROOT; };
		CE172BBD14D11CC300D9A9CC /* NSString+containsCategory.h */ = {isa = PBXFileReference; fileEncoding = 4; lastKnownFileType = sourcecode.c.h; path = "NSString+containsCategory.h"; sourceTree = "<group>"; };
		CE172BBE14D11CC300D9A9CC /* NSString+containsCategory.m */ = {isa = PBXFileReference; fileEncoding = 4; lastKnownFileType = sourcecode.c.objc; path = "NSString+containsCategory.m"; sourceTree = "<group>"; };
		CE172BC414D1BA0600D9A9CC /* Decoder.h */ = {isa = PBXFileReference; fileEncoding = 4; lastKnownFileType = sourcecode.c.h; path = Decoder.h; sourceTree = "<group>"; };
		CE172BC514D1BA0600D9A9CC /* Exception.h */ = {isa = PBXFileReference; fileEncoding = 4; lastKnownFileType = sourcecode.c.h; path = Exception.h; sourceTree = "<group>"; };
		CE172BC614D1BA0600D9A9CC /* Image.h */ = {isa = PBXFileReference; fileEncoding = 4; lastKnownFileType = sourcecode.c.h; path = Image.h; sourceTree = "<group>"; };
		CE172BC714D1BA0600D9A9CC /* ImageScanner.h */ = {isa = PBXFileReference; fileEncoding = 4; lastKnownFileType = sourcecode.c.h; path = ImageScanner.h; sourceTree = "<group>"; };
		CE172BC814D1BA0600D9A9CC /* Processor.h */ = {isa = PBXFileReference; fileEncoding = 4; lastKnownFileType = sourcecode.c.h; path = Processor.h; sourceTree = "<group>"; };
		CE172BC914D1BA0600D9A9CC /* Scanner.h */ = {isa = PBXFileReference; fileEncoding = 4; lastKnownFileType = sourcecode.c.h; path = Scanner.h; sourceTree = "<group>"; };
		CE172BCA14D1BA0600D9A9CC /* Symbol.h */ = {isa = PBXFileReference; fileEncoding = 4; lastKnownFileType = sourcecode.c.h; path = Symbol.h; sourceTree = "<group>"; };
		CE172BCB14D1BA0600D9A9CC /* Video.h */ = {isa = PBXFileReference; fileEncoding = 4; lastKnownFileType = sourcecode.c.h; path = Video.h; sourceTree = "<group>"; };
		CE172BCC14D1BA0600D9A9CC /* Window.h */ = {isa = PBXFileReference; fileEncoding = 4; lastKnownFileType = sourcecode.c.h; path = Window.h; sourceTree = "<group>"; };
		CE172BCD14D1BA0600D9A9CC /* zbar.h */ = {isa = PBXFileReference; fileEncoding = 4; lastKnownFileType = sourcecode.c.h; path = zbar.h; sourceTree = "<group>"; };
		CE172BCE14D1BA0600D9A9CC /* ZBarCameraSimulator.h */ = {isa = PBXFileReference; fileEncoding = 4; lastKnownFileType = sourcecode.c.h; path = ZBarCameraSimulator.h; sourceTree = "<group>"; };
		CE172BCF14D1BA0600D9A9CC /* ZBarCaptureReader.h */ = {isa = PBXFileReference; fileEncoding = 4; lastKnownFileType = sourcecode.c.h; path = ZBarCaptureReader.h; sourceTree = "<group>"; };
		CE172BD014D1BA0600D9A9CC /* ZBarHelpController.h */ = {isa = PBXFileReference; fileEncoding = 4; lastKnownFileType = sourcecode.c.h; path = ZBarHelpController.h; sourceTree = "<group>"; };
		CE172BD114D1BA0600D9A9CC /* ZBarImage.h */ = {isa = PBXFileReference; fileEncoding = 4; lastKnownFileType = sourcecode.c.h; path = ZBarImage.h; sourceTree = "<group>"; };
		CE172BD214D1BA0600D9A9CC /* ZBarImageScanner.h */ = {isa = PBXFileReference; fileEncoding = 4; lastKnownFileType = sourcecode.c.h; path = ZBarImageScanner.h; sourceTree = "<group>"; };
		CE172BD314D1BA0600D9A9CC /* ZBarReaderController.h */ = {isa = PBXFileReference; fileEncoding = 4; lastKnownFileType = sourcecode.c.h; path = ZBarReaderController.h; sourceTree = "<group>"; };
		CE172BD414D1BA0600D9A9CC /* ZBarReaderView.h */ = {isa = PBXFileReference; fileEncoding = 4; lastKnownFileType = sourcecode.c.h; path = ZBarReaderView.h; sourceTree = "<group>"; };
		CE172BD514D1BA0600D9A9CC /* ZBarReaderViewController.h */ = {isa = PBXFileReference; fileEncoding = 4; lastKnownFileType = sourcecode.c.h; path = ZBarReaderViewController.h; sourceTree = "<group>"; };
		CE172BD614D1BA0600D9A9CC /* ZBarSDK.h */ = {isa = PBXFileReference; fileEncoding = 4; lastKnownFileType = sourcecode.c.h; path = ZBarSDK.h; sourceTree = "<group>"; };
		CE172BD714D1BA0600D9A9CC /* ZBarSymbol.h */ = {isa = PBXFileReference; fileEncoding = 4; lastKnownFileType = sourcecode.c.h; path = ZBarSymbol.h; sourceTree = "<group>"; };
		CE172BD814D1BA0600D9A9CC /* libzbar.a */ = {isa = PBXFileReference; lastKnownFileType = archive.ar; path = libzbar.a; sourceTree = "<group>"; };
		CE172BDA14D1BA0600D9A9CC /* zbar-back.png */ = {isa = PBXFileReference; lastKnownFileType = image.png; path = "zbar-back.png"; sourceTree = "<group>"; };
		CE172BDB14D1BA0600D9A9CC /* zbar-help.html */ = {isa = PBXFileReference; fileEncoding = 4; lastKnownFileType = text.html; path = "zbar-help.html"; sourceTree = "<group>"; };
		CE172BDC14D1BA0600D9A9CC /* zbar-helpicons.png */ = {isa = PBXFileReference; lastKnownFileType = image.png; path = "zbar-helpicons.png"; sourceTree = "<group>"; };
		CE172BDD14D1BA0600D9A9CC /* zbar-samples.png */ = {isa = PBXFileReference; lastKnownFileType = image.png; path = "zbar-samples.png"; sourceTree = "<group>"; };
		CE172BE314D1BBCC00D9A9CC /* AVFoundation.framework */ = {isa = PBXFileReference; lastKnownFileType = wrapper.framework; name = AVFoundation.framework; path = System/Library/Frameworks/AVFoundation.framework; sourceTree = SDKROOT; };
		CE172BE514D1BC3800D9A9CC /* CoreMedia.framework */ = {isa = PBXFileReference; lastKnownFileType = wrapper.framework; name = CoreMedia.framework; path = System/Library/Frameworks/CoreMedia.framework; sourceTree = SDKROOT; };
		CE172BE614D1BC3800D9A9CC /* CoreVideo.framework */ = {isa = PBXFileReference; lastKnownFileType = wrapper.framework; name = CoreVideo.framework; path = System/Library/Frameworks/CoreVideo.framework; sourceTree = SDKROOT; };
		CE172BE714D1BC3800D9A9CC /* libiconv.dylib */ = {isa = PBXFileReference; lastKnownFileType = "compiled.mach-o.dylib"; name = libiconv.dylib; path = usr/lib/libiconv.dylib; sourceTree = SDKROOT; };
		CE172BE814D1BC3800D9A9CC /* QuartzCore.framework */ = {isa = PBXFileReference; lastKnownFileType = wrapper.framework; name = QuartzCore.framework; path = System/Library/Frameworks/QuartzCore.framework; sourceTree = SDKROOT; };
		CE36389B14D718C30026D5E7 /* icon_57.png */ = {isa = PBXFileReference; lastKnownFileType = image.png; path = icon_57.png; sourceTree = "<group>"; };
		CE36389D14D718D00026D5E7 /* icon_114.png */ = {isa = PBXFileReference; lastKnownFileType = image.png; path = icon_114.png; sourceTree = "<group>"; };
		CE3B852414CFA4DB002A49DD /* RestKit.xcodeproj */ = {isa = PBXFileReference; lastKnownFileType = "wrapper.pb-project"; name = RestKit.xcodeproj; path = ../../lib/objc/RestKit/RestKit.xcodeproj; sourceTree = "<group>"; };
		CE3B857014CFAC13002A49DD /* CFNetwork.framework */ = {isa = PBXFileReference; lastKnownFileType = wrapper.framework; name = CFNetwork.framework; path = System/Library/Frameworks/CFNetwork.framework; sourceTree = SDKROOT; };
		CE3B857214CFAC7D002A49DD /* libxml2.dylib */ = {isa = PBXFileReference; lastKnownFileType = "compiled.mach-o.dylib"; name = libxml2.dylib; path = usr/lib/libxml2.dylib; sourceTree = SDKROOT; };
		CE3B857314CFAC7D002A49DD /* MobileCoreServices.framework */ = {isa = PBXFileReference; lastKnownFileType = wrapper.framework; name = MobileCoreServices.framework; path = System/Library/Frameworks/MobileCoreServices.framework; sourceTree = SDKROOT; };
		CE3B857414CFAC7D002A49DD /* Security.framework */ = {isa = PBXFileReference; lastKnownFileType = wrapper.framework; name = Security.framework; path = System/Library/Frameworks/Security.framework; sourceTree = SDKROOT; };
		CE3B857514CFAC7D002A49DD /* SystemConfiguration.framework */ = {isa = PBXFileReference; lastKnownFileType = wrapper.framework; name = SystemConfiguration.framework; path = System/Library/Frameworks/SystemConfiguration.framework; sourceTree = SDKROOT; };
		CE69F4A0148E5817004C316F /* CardViewController.h */ = {isa = PBXFileReference; fileEncoding = 4; lastKnownFileType = sourcecode.c.h; path = CardViewController.h; sourceTree = "<group>"; };
		CE69F4A1148E5817004C316F /* CardViewController.m */ = {isa = PBXFileReference; fileEncoding = 4; lastKnownFileType = sourcecode.c.objc; path = CardViewController.m; sourceTree = "<group>"; };
		CE69F4A3148E9746004C316F /* Dealer.h */ = {isa = PBXFileReference; fileEncoding = 4; lastKnownFileType = sourcecode.c.h; path = Dealer.h; sourceTree = "<group>"; };
		CE69F4A4148E9746004C316F /* Dealer.m */ = {isa = PBXFileReference; fileEncoding = 4; lastKnownFileType = sourcecode.c.objc; path = Dealer.m; sourceTree = "<group>"; };
		CE952F41148DC5F900D316DF /* TrackerPoker.app */ = {isa = PBXFileReference; explicitFileType = wrapper.application; includeInIndex = 0; path = TrackerPoker.app; sourceTree = BUILT_PRODUCTS_DIR; };
		CE952F45148DC5F900D316DF /* UIKit.framework */ = {isa = PBXFileReference; lastKnownFileType = wrapper.framework; name = UIKit.framework; path = System/Library/Frameworks/UIKit.framework; sourceTree = SDKROOT; };
		CE952F47148DC5F900D316DF /* Foundation.framework */ = {isa = PBXFileReference; lastKnownFileType = wrapper.framework; name = Foundation.framework; path = System/Library/Frameworks/Foundation.framework; sourceTree = SDKROOT; };
		CE952F49148DC5F900D316DF /* CoreGraphics.framework */ = {isa = PBXFileReference; lastKnownFileType = wrapper.framework; name = CoreGraphics.framework; path = System/Library/Frameworks/CoreGraphics.framework; sourceTree = SDKROOT; };
		CE952F4D148DC5F900D316DF /* TrackerPoker-Info.plist */ = {isa = PBXFileReference; lastKnownFileType = text.plist.xml; path = "TrackerPoker-Info.plist"; sourceTree = "<group>"; };
		CE952F4F148DC5F900D316DF /* en */ = {isa = PBXFileReference; lastKnownFileType = text.plist.strings; name = en; path = en.lproj/InfoPlist.strings; sourceTree = "<group>"; };
		CE952F51148DC5F900D316DF /* main.m */ = {isa = PBXFileReference; lastKnownFileType = sourcecode.c.objc; path = main.m; sourceTree = "<group>"; };
		CE952F53148DC5F900D316DF /* TrackerPoker-Prefix.pch */ = {isa = PBXFileReference; lastKnownFileType = sourcecode.c.h; path = "TrackerPoker-Prefix.pch"; sourceTree = "<group>"; };
		CE952F54148DC5F900D316DF /* TrackerPokerAppDelegate.h */ = {isa = PBXFileReference; lastKnownFileType = sourcecode.c.h; path = TrackerPokerAppDelegate.h; sourceTree = "<group>"; };
		CE952F55148DC5F900D316DF /* TrackerPokerAppDelegate.m */ = {isa = PBXFileReference; lastKnownFileType = sourcecode.c.objc; path = TrackerPokerAppDelegate.m; sourceTree = "<group>"; };
		CE952F58148DC5F900D316DF /* en */ = {isa = PBXFileReference; lastKnownFileType = file.storyboard; name = en; path = en.lproj/MainStoryboard.storyboard; sourceTree = "<group>"; };
		CE952F5A148DC5F900D316DF /* TrackerPokerViewController.h */ = {isa = PBXFileReference; lastKnownFileType = sourcecode.c.h; path = TrackerPokerViewController.h; sourceTree = "<group>"; };
		CE952F5B148DC5F900D316DF /* TrackerPokerViewController.m */ = {isa = PBXFileReference; lastKnownFileType = sourcecode.c.objc; path = TrackerPokerViewController.m; sourceTree = "<group>"; };
		CE952F62148DC5F900D316DF /* TrackerPokerTests.octest */ = {isa = PBXFileReference; explicitFileType = wrapper.cfbundle; includeInIndex = 0; path = TrackerPokerTests.octest; sourceTree = BUILT_PRODUCTS_DIR; };
		CE952F63148DC5F900D316DF /* SenTestingKit.framework */ = {isa = PBXFileReference; lastKnownFileType = wrapper.framework; name = SenTestingKit.framework; path = Library/Frameworks/SenTestingKit.framework; sourceTree = DEVELOPER_DIR; };
		CE952F6B148DC5F900D316DF /* TrackerPokerTests-Info.plist */ = {isa = PBXFileReference; lastKnownFileType = text.plist.xml; path = "TrackerPokerTests-Info.plist"; sourceTree = "<group>"; };
		CE952F6D148DC5F900D316DF /* en */ = {isa = PBXFileReference; lastKnownFileType = text.plist.strings; name = en; path = en.lproj/InfoPlist.strings; sourceTree = "<group>"; };
		CE952F6F148DC5F900D316DF /* TrackerPokerTests.h */ = {isa = PBXFileReference; lastKnownFileType = sourcecode.c.h; path = TrackerPokerTests.h; sourceTree = "<group>"; };
		CE952F70148DC5F900D316DF /* TrackerPokerTests.m */ = {isa = PBXFileReference; lastKnownFileType = sourcecode.c.objc; path = TrackerPokerTests.m; sourceTree = "<group>"; };
		CEDC035A148E418B0043508B /* LoginViewController.h */ = {isa = PBXFileReference; fileEncoding = 4; lastKnownFileType = sourcecode.c.h; path = LoginViewController.h; sourceTree = "<group>"; };
		CEDC035B148E418B0043508B /* LoginViewController.m */ = {isa = PBXFileReference; fileEncoding = 4; lastKnownFileType = sourcecode.c.objc; path = LoginViewController.m; sourceTree = "<group>"; };
		CEDC0369148E56FC0043508B /* RoomViewController.h */ = {isa = PBXFileReference; fileEncoding = 4; lastKnownFileType = sourcecode.c.h; path = RoomViewController.h; sourceTree = "<group>"; };
		CEDC036A148E56FC0043508B /* RoomViewController.m */ = {isa = PBXFileReference; fileEncoding = 4; lastKnownFileType = sourcecode.c.objc; path = RoomViewController.m; sourceTree = "<group>"; };
		CEFC49E714A114D400D1C7ED /* notes.txt */ = {isa = PBXFileReference; fileEncoding = 4; lastKnownFileType = text; path = notes.txt; sourceTree = "<group>"; };
/* End PBXFileReference section */

/* Begin PBXFrameworksBuildPhase section */
		CE952F3E148DC5F900D316DF /* Frameworks */ = {
			isa = PBXFrameworksBuildPhase;
			buildActionMask = 2147483647;
			files = (
				CE172BE914D1BC3900D9A9CC /* CoreMedia.framework in Frameworks */,
				CE172BEA14D1BC3900D9A9CC /* CoreVideo.framework in Frameworks */,
				CE172BEB14D1BC3900D9A9CC /* libiconv.dylib in Frameworks */,
				CE172BEC14D1BC3900D9A9CC /* QuartzCore.framework in Frameworks */,
				CE172BE414D1BBCC00D9A9CC /* AVFoundation.framework in Frameworks */,
				CE172BBC14D03DEF00D9A9CC /* CoreData.framework in Frameworks */,
				CE3B857614CFAC7D002A49DD /* libxml2.dylib in Frameworks */,
				CE3B857714CFAC7D002A49DD /* MobileCoreServices.framework in Frameworks */,
				CE3B857814CFAC7D002A49DD /* Security.framework in Frameworks */,
				CE3B857914CFAC7D002A49DD /* SystemConfiguration.framework in Frameworks */,
				CE3B857114CFAC13002A49DD /* CFNetwork.framework in Frameworks */,
				CE3B856114CFAB8D002A49DD /* libRestKitJSONParserYAJL.a in Frameworks */,
				CE3B856214CFAB8D002A49DD /* libRestKitNetwork.a in Frameworks */,
				CE3B856314CFAB8D002A49DD /* libRestKitObjectMapping.a in Frameworks */,
				CE3B856414CFAB8D002A49DD /* libRestKitSupport.a in Frameworks */,
				CE952F46148DC5F900D316DF /* UIKit.framework in Frameworks */,
				CE952F48148DC5F900D316DF /* Foundation.framework in Frameworks */,
				CE952F4A148DC5F900D316DF /* CoreGraphics.framework in Frameworks */,
				CE172BDE14D1BA0600D9A9CC /* libzbar.a in Frameworks */,
			);
			runOnlyForDeploymentPostprocessing = 0;
		};
		CE952F5E148DC5F900D316DF /* Frameworks */ = {
			isa = PBXFrameworksBuildPhase;
			buildActionMask = 2147483647;
			files = (
				CE952F64148DC5F900D316DF /* SenTestingKit.framework in Frameworks */,
				CE952F65148DC5F900D316DF /* UIKit.framework in Frameworks */,
				CE952F66148DC5F900D316DF /* Foundation.framework in Frameworks */,
			);
			runOnlyForDeploymentPostprocessing = 0;
		};
/* End PBXFrameworksBuildPhase section */

/* Begin PBXGroup section */
		CE172BC014D1BA0600D9A9CC /* ZBarSDK */ = {
			isa = PBXGroup;
			children = (
				CE172BC114D1BA0600D9A9CC /* Headers */,
				CE172BD814D1BA0600D9A9CC /* libzbar.a */,
				CE172BD914D1BA0600D9A9CC /* Resources */,
			);
			path = ZBarSDK;
			sourceTree = "<group>";
		};
		CE172BC114D1BA0600D9A9CC /* Headers */ = {
			isa = PBXGroup;
			children = (
				CE172BC214D1BA0600D9A9CC /* ZBarSDK */,
			);
			path = Headers;
			sourceTree = "<group>";
		};
		CE172BC214D1BA0600D9A9CC /* ZBarSDK */ = {
			isa = PBXGroup;
			children = (
				CE172BC314D1BA0600D9A9CC /* zbar */,
				CE172BCD14D1BA0600D9A9CC /* zbar.h */,
				CE172BCE14D1BA0600D9A9CC /* ZBarCameraSimulator.h */,
				CE172BCF14D1BA0600D9A9CC /* ZBarCaptureReader.h */,
				CE172BD014D1BA0600D9A9CC /* ZBarHelpController.h */,
				CE172BD114D1BA0600D9A9CC /* ZBarImage.h */,
				CE172BD214D1BA0600D9A9CC /* ZBarImageScanner.h */,
				CE172BD314D1BA0600D9A9CC /* ZBarReaderController.h */,
				CE172BD414D1BA0600D9A9CC /* ZBarReaderView.h */,
				CE172BD514D1BA0600D9A9CC /* ZBarReaderViewController.h */,
				CE172BD614D1BA0600D9A9CC /* ZBarSDK.h */,
				CE172BD714D1BA0600D9A9CC /* ZBarSymbol.h */,
			);
			path = ZBarSDK;
			sourceTree = "<group>";
		};
		CE172BC314D1BA0600D9A9CC /* zbar */ = {
			isa = PBXGroup;
			children = (
				CE172BC414D1BA0600D9A9CC /* Decoder.h */,
				CE172BC514D1BA0600D9A9CC /* Exception.h */,
				CE172BC614D1BA0600D9A9CC /* Image.h */,
				CE172BC714D1BA0600D9A9CC /* ImageScanner.h */,
				CE172BC814D1BA0600D9A9CC /* Processor.h */,
				CE172BC914D1BA0600D9A9CC /* Scanner.h */,
				CE172BCA14D1BA0600D9A9CC /* Symbol.h */,
				CE172BCB14D1BA0600D9A9CC /* Video.h */,
				CE172BCC14D1BA0600D9A9CC /* Window.h */,
			);
			path = zbar;
			sourceTree = "<group>";
		};
		CE172BD914D1BA0600D9A9CC /* Resources */ = {
			isa = PBXGroup;
			children = (
				CE172BDA14D1BA0600D9A9CC /* zbar-back.png */,
				CE172BDB14D1BA0600D9A9CC /* zbar-help.html */,
				CE172BDC14D1BA0600D9A9CC /* zbar-helpicons.png */,
				CE172BDD14D1BA0600D9A9CC /* zbar-samples.png */,
			);
			path = Resources;
			sourceTree = "<group>";
		};
		CE3B852514CFA4DB002A49DD /* Products */ = {
			isa = PBXGroup;
			children = (
				CE3B853914CFA4DC002A49DD /* libRestKitNetwork.a */,
				CE3B853B14CFA4DC002A49DD /* libRestKitObjectMapping.a */,
				CE3B853D14CFA4DC002A49DD /* libRestKitSupport.a */,
				CE3B853F14CFA4DC002A49DD /* libRestKitJSONParser+NXJSON.a */,
				CE3B854114CFA4DC002A49DD /* libRestKitJSONParserYAJL.a */,
				CE3B854314CFA4DC002A49DD /* libRestKitJSONParserSBJSON.a */,
				CE3B854514CFA4DC002A49DD /* libRestKitJSONParserJSONKit.a */,
				CE3B854714CFA4DC002A49DD /* libRestKitXMLParserLibxml.a */,
				CE3B854914CFA4DC002A49DD /* libRestKitCoreData.a */,
				CE3B854B14CFA4DC002A49DD /* libRestKitThree20.a */,
				CE3B854D14CFA4DC002A49DD /* UISpec.app */,
			);
			name = Products;
			sourceTree = "<group>";
		};
		CE952F36148DC5F900D316DF = {
			isa = PBXGroup;
			children = (
				CE36389D14D718D00026D5E7 /* icon_114.png */,
				CE36389B14D718C30026D5E7 /* icon_57.png */,
				CE172BC014D1BA0600D9A9CC /* ZBarSDK */,
				CE3B852414CFA4DB002A49DD /* RestKit.xcodeproj */,
				CE952F4B148DC5F900D316DF /* TrackerPoker */,
				CE952F69148DC5F900D316DF /* TrackerPokerTests */,
				CE952F44148DC5F900D316DF /* Frameworks */,
				CE952F42148DC5F900D316DF /* Products */,
			);
			sourceTree = "<group>";
		};
		CE952F42148DC5F900D316DF /* Products */ = {
			isa = PBXGroup;
			children = (
				CE952F41148DC5F900D316DF /* TrackerPoker.app */,
				CE952F62148DC5F900D316DF /* TrackerPokerTests.octest */,
			);
			name = Products;
			sourceTree = "<group>";
		};
		CE952F44148DC5F900D316DF /* Frameworks */ = {
			isa = PBXGroup;
			children = (
				CE172BBB14D03DEF00D9A9CC /* CoreData.framework */,
				CE3B857214CFAC7D002A49DD /* libxml2.dylib */,
				CE3B857314CFAC7D002A49DD /* MobileCoreServices.framework */,
				CE3B857414CFAC7D002A49DD /* Security.framework */,
				CE3B857514CFAC7D002A49DD /* SystemConfiguration.framework */,
				CE3B857014CFAC13002A49DD /* CFNetwork.framework */,
				CE172BE514D1BC3800D9A9CC /* CoreMedia.framework */,
				CE172BE614D1BC3800D9A9CC /* CoreVideo.framework */,
				CE172BE714D1BC3800D9A9CC /* libiconv.dylib */,
				CE172BE814D1BC3800D9A9CC /* QuartzCore.framework */,
				CE172BE314D1BBCC00D9A9CC /* AVFoundation.framework */,
				CE952F45148DC5F900D316DF /* UIKit.framework */,
				CE952F47148DC5F900D316DF /* Foundation.framework */,
				CE952F49148DC5F900D316DF /* CoreGraphics.framework */,
				CE952F63148DC5F900D316DF /* SenTestingKit.framework */,
			);
			name = Frameworks;
			sourceTree = "<group>";
		};
		CE952F4B148DC5F900D316DF /* TrackerPoker */ = {
			isa = PBXGroup;
			children = (
				CEDC0369148E56FC0043508B /* RoomViewController.h */,
				CEDC036A148E56FC0043508B /* RoomViewController.m */,
				CE952F54148DC5F900D316DF /* TrackerPokerAppDelegate.h */,
				CE952F55148DC5F900D316DF /* TrackerPokerAppDelegate.m */,
				CE952F57148DC5F900D316DF /* MainStoryboard.storyboard */,
				CE952F5A148DC5F900D316DF /* TrackerPokerViewController.h */,
				CE952F5B148DC5F900D316DF /* TrackerPokerViewController.m */,
				CEDC035A148E418B0043508B /* LoginViewController.h */,
				CEDC035B148E418B0043508B /* LoginViewController.m */,
				CE952F4C148DC5F900D316DF /* Supporting Files */,
				CE69F4A0148E5817004C316F /* CardViewController.h */,
				CE69F4A1148E5817004C316F /* CardViewController.m */,
				CE69F4A3148E9746004C316F /* Dealer.h */,
				CE69F4A4148E9746004C316F /* Dealer.m */,
				CEFC49E714A114D400D1C7ED /* notes.txt */,
				CE172BBD14D11CC300D9A9CC /* NSString+containsCategory.h */,
				CE172BBE14D11CC300D9A9CC /* NSString+containsCategory.m */,
			);
			path = TrackerPoker;
			sourceTree = "<group>";
		};
		CE952F4C148DC5F900D316DF /* Supporting Files */ = {
			isa = PBXGroup;
			children = (
				CE952F4D148DC5F900D316DF /* TrackerPoker-Info.plist */,
				CE952F4E148DC5F900D316DF /* InfoPlist.strings */,
				CE952F51148DC5F900D316DF /* main.m */,
				CE952F53148DC5F900D316DF /* TrackerPoker-Prefix.pch */,
			);
			name = "Supporting Files";
			sourceTree = "<group>";
		};
		CE952F69148DC5F900D316DF /* TrackerPokerTests */ = {
			isa = PBXGroup;
			children = (
				CE952F6F148DC5F900D316DF /* TrackerPokerTests.h */,
				CE952F70148DC5F900D316DF /* TrackerPokerTests.m */,
				CE952F6A148DC5F900D316DF /* Supporting Files */,
			);
			path = TrackerPokerTests;
			sourceTree = "<group>";
		};
		CE952F6A148DC5F900D316DF /* Supporting Files */ = {
			isa = PBXGroup;
			children = (
				CE952F6B148DC5F900D316DF /* TrackerPokerTests-Info.plist */,
				CE952F6C148DC5F900D316DF /* InfoPlist.strings */,
			);
			name = "Supporting Files";
			sourceTree = "<group>";
		};
/* End PBXGroup section */

/* Begin PBXNativeTarget section */
		CE952F40148DC5F900D316DF /* TrackerPoker */ = {
			isa = PBXNativeTarget;
			buildConfigurationList = CE952F74148DC5F900D316DF /* Build configuration list for PBXNativeTarget "TrackerPoker" */;
			buildPhases = (
				CE952F3D148DC5F900D316DF /* Sources */,
				CE952F3E148DC5F900D316DF /* Frameworks */,
				CE952F3F148DC5F900D316DF /* Resources */,
			);
			buildRules = (
			);
			dependencies = (
				CE3B856614CFABC7002A49DD /* PBXTargetDependency */,
				CE3B856814CFABC7002A49DD /* PBXTargetDependency */,
				CE3B856A14CFABC7002A49DD /* PBXTargetDependency */,
				CE3B856C14CFABC7002A49DD /* PBXTargetDependency */,
				CE3B856014CFAB66002A49DD /* PBXTargetDependency */,
			);
			name = TrackerPoker;
			productName = TrackerPoker;
			productReference = CE952F41148DC5F900D316DF /* TrackerPoker.app */;
			productType = "com.apple.product-type.application";
		};
		CE952F61148DC5F900D316DF /* TrackerPokerTests */ = {
			isa = PBXNativeTarget;
			buildConfigurationList = CE952F77148DC5F900D316DF /* Build configuration list for PBXNativeTarget "TrackerPokerTests" */;
			buildPhases = (
				CE952F5D148DC5F900D316DF /* Sources */,
				CE952F5E148DC5F900D316DF /* Frameworks */,
				CE952F5F148DC5F900D316DF /* Resources */,
				CE952F60148DC5F900D316DF /* ShellScript */,
			);
			buildRules = (
			);
			dependencies = (
				CE952F68148DC5F900D316DF /* PBXTargetDependency */,
			);
			name = TrackerPokerTests;
			productName = TrackerPokerTests;
			productReference = CE952F62148DC5F900D316DF /* TrackerPokerTests.octest */;
			productType = "com.apple.product-type.bundle";
		};
/* End PBXNativeTarget section */

/* Begin PBXProject section */
		CE952F38148DC5F900D316DF /* Project object */ = {
			isa = PBXProject;
			attributes = {
				LastUpgradeCheck = 0420;
				ORGANIZATIONNAME = CajunCode;
			};
			buildConfigurationList = CE952F3B148DC5F900D316DF /* Build configuration list for PBXProject "TrackerPoker" */;
			compatibilityVersion = "Xcode 3.2";
			developmentRegion = English;
			hasScannedForEncodings = 0;
			knownRegions = (
				en,
			);
			mainGroup = CE952F36148DC5F900D316DF;
			productRefGroup = CE952F42148DC5F900D316DF /* Products */;
			projectDirPath = "";
			projectReferences = (
				{
					ProductGroup = CE3B852514CFA4DB002A49DD /* Products */;
					ProjectRef = CE3B852414CFA4DB002A49DD /* RestKit.xcodeproj */;
				},
			);
			projectRoot = "";
			targets = (
				CE952F40148DC5F900D316DF /* TrackerPoker */,
				CE952F61148DC5F900D316DF /* TrackerPokerTests */,
			);
		};
/* End PBXProject section */

/* Begin PBXReferenceProxy section */
		CE3B853914CFA4DC002A49DD /* libRestKitNetwork.a */ = {
			isa = PBXReferenceProxy;
			fileType = archive.ar;
			path = libRestKitNetwork.a;
			remoteRef = CE3B853814CFA4DC002A49DD /* PBXContainerItemProxy */;
			sourceTree = BUILT_PRODUCTS_DIR;
		};
		CE3B853B14CFA4DC002A49DD /* libRestKitObjectMapping.a */ = {
			isa = PBXReferenceProxy;
			fileType = archive.ar;
			path = libRestKitObjectMapping.a;
			remoteRef = CE3B853A14CFA4DC002A49DD /* PBXContainerItemProxy */;
			sourceTree = BUILT_PRODUCTS_DIR;
		};
		CE3B853D14CFA4DC002A49DD /* libRestKitSupport.a */ = {
			isa = PBXReferenceProxy;
			fileType = archive.ar;
			path = libRestKitSupport.a;
			remoteRef = CE3B853C14CFA4DC002A49DD /* PBXContainerItemProxy */;
			sourceTree = BUILT_PRODUCTS_DIR;
		};
		CE3B853F14CFA4DC002A49DD /* libRestKitJSONParser+NXJSON.a */ = {
			isa = PBXReferenceProxy;
			fileType = archive.ar;
			name = "libRestKitJSONParser+NXJSON.a";
			path = libRestKitJSONParserNXJSON.a;
			remoteRef = CE3B853E14CFA4DC002A49DD /* PBXContainerItemProxy */;
			sourceTree = BUILT_PRODUCTS_DIR;
		};
		CE3B854114CFA4DC002A49DD /* libRestKitJSONParserYAJL.a */ = {
			isa = PBXReferenceProxy;
			fileType = archive.ar;
			path = libRestKitJSONParserYAJL.a;
			remoteRef = CE3B854014CFA4DC002A49DD /* PBXContainerItemProxy */;
			sourceTree = BUILT_PRODUCTS_DIR;
		};
		CE3B854314CFA4DC002A49DD /* libRestKitJSONParserSBJSON.a */ = {
			isa = PBXReferenceProxy;
			fileType = archive.ar;
			path = libRestKitJSONParserSBJSON.a;
			remoteRef = CE3B854214CFA4DC002A49DD /* PBXContainerItemProxy */;
			sourceTree = BUILT_PRODUCTS_DIR;
		};
		CE3B854514CFA4DC002A49DD /* libRestKitJSONParserJSONKit.a */ = {
			isa = PBXReferenceProxy;
			fileType = archive.ar;
			path = libRestKitJSONParserJSONKit.a;
			remoteRef = CE3B854414CFA4DC002A49DD /* PBXContainerItemProxy */;
			sourceTree = BUILT_PRODUCTS_DIR;
		};
		CE3B854714CFA4DC002A49DD /* libRestKitXMLParserLibxml.a */ = {
			isa = PBXReferenceProxy;
			fileType = archive.ar;
			path = libRestKitXMLParserLibxml.a;
			remoteRef = CE3B854614CFA4DC002A49DD /* PBXContainerItemProxy */;
			sourceTree = BUILT_PRODUCTS_DIR;
		};
		CE3B854914CFA4DC002A49DD /* libRestKitCoreData.a */ = {
			isa = PBXReferenceProxy;
			fileType = archive.ar;
			path = libRestKitCoreData.a;
			remoteRef = CE3B854814CFA4DC002A49DD /* PBXContainerItemProxy */;
			sourceTree = BUILT_PRODUCTS_DIR;
		};
		CE3B854B14CFA4DC002A49DD /* libRestKitThree20.a */ = {
			isa = PBXReferenceProxy;
			fileType = archive.ar;
			path = libRestKitThree20.a;
			remoteRef = CE3B854A14CFA4DC002A49DD /* PBXContainerItemProxy */;
			sourceTree = BUILT_PRODUCTS_DIR;
		};
		CE3B854D14CFA4DC002A49DD /* UISpec.app */ = {
			isa = PBXReferenceProxy;
			fileType = wrapper.application;
			path = UISpec.app;
			remoteRef = CE3B854C14CFA4DC002A49DD /* PBXContainerItemProxy */;
			sourceTree = BUILT_PRODUCTS_DIR;
		};
/* End PBXReferenceProxy section */

/* Begin PBXResourcesBuildPhase section */
		CE952F3F148DC5F900D316DF /* Resources */ = {
			isa = PBXResourcesBuildPhase;
			buildActionMask = 2147483647;
			files = (
				CE952F50148DC5F900D316DF /* InfoPlist.strings in Resources */,
				CE952F59148DC5F900D316DF /* MainStoryboard.storyboard in Resources */,
				CEFC49E814A114D400D1C7ED /* notes.txt in Resources */,
				CE172BDF14D1BA0600D9A9CC /* zbar-back.png in Resources */,
				CE172BE014D1BA0600D9A9CC /* zbar-help.html in Resources */,
				CE172BE114D1BA0600D9A9CC /* zbar-helpicons.png in Resources */,
				CE172BE214D1BA0600D9A9CC /* zbar-samples.png in Resources */,
				CE36389C14D718C30026D5E7 /* icon_57.png in Resources */,
				CE36389E14D718D00026D5E7 /* icon_114.png in Resources */,
			);
			runOnlyForDeploymentPostprocessing = 0;
		};
		CE952F5F148DC5F900D316DF /* Resources */ = {
			isa = PBXResourcesBuildPhase;
			buildActionMask = 2147483647;
			files = (
				CE952F6E148DC5F900D316DF /* InfoPlist.strings in Resources */,
			);
			runOnlyForDeploymentPostprocessing = 0;
		};
/* End PBXResourcesBuildPhase section */

/* Begin PBXShellScriptBuildPhase section */
		CE952F60148DC5F900D316DF /* ShellScript */ = {
			isa = PBXShellScriptBuildPhase;
			buildActionMask = 2147483647;
			files = (
			);
			inputPaths = (
			);
			outputPaths = (
			);
			runOnlyForDeploymentPostprocessing = 0;
			shellPath = /bin/sh;
			shellScript = "# Run the unit tests in this test bundle.\n\"${SYSTEM_DEVELOPER_DIR}/Tools/RunUnitTests\"\n";
		};
/* End PBXShellScriptBuildPhase section */

/* Begin PBXSourcesBuildPhase section */
		CE952F3D148DC5F900D316DF /* Sources */ = {
			isa = PBXSourcesBuildPhase;
			buildActionMask = 2147483647;
			files = (
				CE952F52148DC5F900D316DF /* main.m in Sources */,
				CE952F56148DC5F900D316DF /* TrackerPokerAppDelegate.m in Sources */,
				CE952F5C148DC5F900D316DF /* TrackerPokerViewController.m in Sources */,
				CEDC035D148E418B0043508B /* LoginViewController.m in Sources */,
				CEDC036B148E56FC0043508B /* RoomViewController.m in Sources */,
				CE69F4A2148E5817004C316F /* CardViewController.m in Sources */,
				CE69F4A5148E9746004C316F /* Dealer.m in Sources */,
				CE172BBF14D11CC300D9A9CC /* NSString+containsCategory.m in Sources */,
			);
			runOnlyForDeploymentPostprocessing = 0;
		};
		CE952F5D148DC5F900D316DF /* Sources */ = {
			isa = PBXSourcesBuildPhase;
			buildActionMask = 2147483647;
			files = (
				CE952F71148DC5F900D316DF /* TrackerPokerTests.m in Sources */,
			);
			runOnlyForDeploymentPostprocessing = 0;
		};
/* End PBXSourcesBuildPhase section */

/* Begin PBXTargetDependency section */
		CE3B856014CFAB66002A49DD /* PBXTargetDependency */ = {
			isa = PBXTargetDependency;
			name = RestKit;
			targetProxy = CE3B855F14CFAB66002A49DD /* PBXContainerItemProxy */;
		};
		CE3B856614CFABC7002A49DD /* PBXTargetDependency */ = {
			isa = PBXTargetDependency;
			name = RestKitNetwork;
			targetProxy = CE3B856514CFABC7002A49DD /* PBXContainerItemProxy */;
		};
		CE3B856814CFABC7002A49DD /* PBXTargetDependency */ = {
			isa = PBXTargetDependency;
			name = RestKitObjectMapping;
			targetProxy = CE3B856714CFABC7002A49DD /* PBXContainerItemProxy */;
		};
		CE3B856A14CFABC7002A49DD /* PBXTargetDependency */ = {
			isa = PBXTargetDependency;
			name = RestKitSupport;
			targetProxy = CE3B856914CFABC7002A49DD /* PBXContainerItemProxy */;
		};
		CE3B856C14CFABC7002A49DD /* PBXTargetDependency */ = {
			isa = PBXTargetDependency;
			name = "RestKitJSONParser+YAJL";
			targetProxy = CE3B856B14CFABC7002A49DD /* PBXContainerItemProxy */;
		};
		CE952F68148DC5F900D316DF /* PBXTargetDependency */ = {
			isa = PBXTargetDependency;
			target = CE952F40148DC5F900D316DF /* TrackerPoker */;
			targetProxy = CE952F67148DC5F900D316DF /* PBXContainerItemProxy */;
		};
/* End PBXTargetDependency section */

/* Begin PBXVariantGroup section */
		CE952F4E148DC5F900D316DF /* InfoPlist.strings */ = {
			isa = PBXVariantGroup;
			children = (
				CE952F4F148DC5F900D316DF /* en */,
			);
			name = InfoPlist.strings;
			sourceTree = "<group>";
		};
		CE952F57148DC5F900D316DF /* MainStoryboard.storyboard */ = {
			isa = PBXVariantGroup;
			children = (
				CE952F58148DC5F900D316DF /* en */,
			);
			name = MainStoryboard.storyboard;
			sourceTree = "<group>";
		};
		CE952F6C148DC5F900D316DF /* InfoPlist.strings */ = {
			isa = PBXVariantGroup;
			children = (
				CE952F6D148DC5F900D316DF /* en */,
			);
			name = InfoPlist.strings;
			sourceTree = "<group>";
		};
/* End PBXVariantGroup section */

/* Begin XCBuildConfiguration section */
		CE952F72148DC5F900D316DF /* Debug */ = {
			isa = XCBuildConfiguration;
			buildSettings = {
				ALWAYS_SEARCH_USER_PATHS = NO;
				ARCHS = "$(ARCHS_STANDARD_32_BIT)";
				CLANG_ENABLE_OBJC_ARC = YES;
				"CODE_SIGN_IDENTITY[sdk=iphoneos*]" = "iPhone Developer";
				COPY_PHASE_STRIP = NO;
				GCC_C_LANGUAGE_STANDARD = gnu99;
				GCC_DYNAMIC_NO_PIC = NO;
				GCC_OPTIMIZATION_LEVEL = 0;
				GCC_PREPROCESSOR_DEFINITIONS = (
					"DEBUG=1",
					"$(inherited)",
				);
				GCC_SYMBOLS_PRIVATE_EXTERN = NO;
				GCC_VERSION = com.apple.compilers.llvm.clang.1_0;
				GCC_WARN_ABOUT_MISSING_PROTOTYPES = YES;
				GCC_WARN_ABOUT_RETURN_TYPE = YES;
				GCC_WARN_UNUSED_VARIABLE = YES;
				IPHONEOS_DEPLOYMENT_TARGET = 5.0;
				SDKROOT = iphoneos;
			};
			name = Debug;
		};
		CE952F73148DC5F900D316DF /* Release */ = {
			isa = XCBuildConfiguration;
			buildSettings = {
				ALWAYS_SEARCH_USER_PATHS = NO;
				ARCHS = "$(ARCHS_STANDARD_32_BIT)";
				CLANG_ENABLE_OBJC_ARC = YES;
				"CODE_SIGN_IDENTITY[sdk=iphoneos*]" = "iPhone Developer";
				COPY_PHASE_STRIP = YES;
				GCC_C_LANGUAGE_STANDARD = gnu99;
				GCC_VERSION = com.apple.compilers.llvm.clang.1_0;
				GCC_WARN_ABOUT_MISSING_PROTOTYPES = YES;
				GCC_WARN_ABOUT_RETURN_TYPE = YES;
				GCC_WARN_UNUSED_VARIABLE = YES;
				IPHONEOS_DEPLOYMENT_TARGET = 5.0;
				OTHER_CFLAGS = "-DNS_BLOCK_ASSERTIONS=1";
				SDKROOT = iphoneos;
				VALIDATE_PRODUCT = YES;
			};
			name = Release;
		};
		CE952F75148DC5F900D316DF /* Debug */ = {
			isa = XCBuildConfiguration;
			buildSettings = {
				GCC_PRECOMPILE_PREFIX_HEADER = YES;
				GCC_PREFIX_HEADER = "TrackerPoker/TrackerPoker-Prefix.pch";
				HEADER_SEARCH_PATHS = "${SOURCE_ROOT}/RestKit/Build";
				INFOPLIST_FILE = "TrackerPoker/TrackerPoker-Info.plist";
				LIBRARY_SEARCH_PATHS = (
					"$(inherited)",
					"\"$(SRCROOT)/ZBarSDK\"",
				);
				OTHER_LDFLAGS = (
					"-ObjC",
					"-all_load",
				);
				PRODUCT_NAME = "$(TARGET_NAME)";
				WRAPPER_EXTENSION = app;
			};
			name = Debug;
		};
		CE952F76148DC5F900D316DF /* Release */ = {
			isa = XCBuildConfiguration;
			buildSettings = {
				GCC_PRECOMPILE_PREFIX_HEADER = YES;
				GCC_PREFIX_HEADER = "TrackerPoker/TrackerPoker-Prefix.pch";
				HEADER_SEARCH_PATHS = "${SOURCE_ROOT}/RestKit/Build";
				INFOPLIST_FILE = "TrackerPoker/TrackerPoker-Info.plist";
				LIBRARY_SEARCH_PATHS = (
					"$(inherited)",
					"\"$(SRCROOT)/ZBarSDK\"",
				);
				OTHER_LDFLAGS = (
					"-ObjC",
					"-all_load",
				);
				PRODUCT_NAME = "$(TARGET_NAME)";
				WRAPPER_EXTENSION = app;
			};
			name = Release;
		};
		CE952F78148DC5F900D316DF /* Debug */ = {
			isa = XCBuildConfiguration;
			buildSettings = {
				BUNDLE_LOADER = "$(BUILT_PRODUCTS_DIR)/TrackerPoker.app/TrackerPoker";
				FRAMEWORK_SEARCH_PATHS = (
					"$(SDKROOT)/Developer/Library/Frameworks",
					"$(DEVELOPER_LIBRARY_DIR)/Frameworks",
				);
				GCC_PRECOMPILE_PREFIX_HEADER = YES;
				GCC_PREFIX_HEADER = "TrackerPoker/TrackerPoker-Prefix.pch";
				INFOPLIST_FILE = "TrackerPokerTests/TrackerPokerTests-Info.plist";
				PRODUCT_NAME = "$(TARGET_NAME)";
				TEST_HOST = "$(BUNDLE_LOADER)";
				WRAPPER_EXTENSION = octest;
			};
			name = Debug;
		};
		CE952F79148DC5F900D316DF /* Release */ = {
			isa = XCBuildConfiguration;
			buildSettings = {
				BUNDLE_LOADER = "$(BUILT_PRODUCTS_DIR)/TrackerPoker.app/TrackerPoker";
				FRAMEWORK_SEARCH_PATHS = (
					"$(SDKROOT)/Developer/Library/Frameworks",
					"$(DEVELOPER_LIBRARY_DIR)/Frameworks",
				);
				GCC_PRECOMPILE_PREFIX_HEADER = YES;
				GCC_PREFIX_HEADER = "TrackerPoker/TrackerPoker-Prefix.pch";
				INFOPLIST_FILE = "TrackerPokerTests/TrackerPokerTests-Info.plist";
				PRODUCT_NAME = "$(TARGET_NAME)";
				TEST_HOST = "$(BUNDLE_LOADER)";
				WRAPPER_EXTENSION = octest;
			};
			name = Release;
		};
/* End XCBuildConfiguration section */

/* Begin XCConfigurationList section */
		CE952F3B148DC5F900D316DF /* Build configuration list for PBXProject "TrackerPoker" */ = {
			isa = XCConfigurationList;
			buildConfigurations = (
				CE952F72148DC5F900D316DF /* Debug */,
				CE952F73148DC5F900D316DF /* Release */,
			);
			defaultConfigurationIsVisible = 0;
			defaultConfigurationName = Release;
		};
		CE952F74148DC5F900D316DF /* Build configuration list for PBXNativeTarget "TrackerPoker" */ = {
			isa = XCConfigurationList;
			buildConfigurations = (
				CE952F75148DC5F900D316DF /* Debug */,
				CE952F76148DC5F900D316DF /* Release */,
			);
			defaultConfigurationIsVisible = 0;
			defaultConfigurationName = Release;
		};
		CE952F77148DC5F900D316DF /* Build configuration list for PBXNativeTarget "TrackerPokerTests" */ = {
			isa = XCConfigurationList;
			buildConfigurations = (
				CE952F78148DC5F900D316DF /* Debug */,
				CE952F79148DC5F900D316DF /* Release */,
			);
			defaultConfigurationIsVisible = 0;
			defaultConfigurationName = Release;
		};
/* End XCConfigurationList section */
	};
	rootObject = CE952F38148DC5F900D316DF /* Project object */;
}
